Microsoft Visual Studio Solution File, Format Version 12.00
# Visual Studio 15
VisualStudioVersion = 15.0.26730.15
MinimumVisualStudioVersion = 10.0.40219.1
Project("{FAE04EC0-301F-11D3-BF4B-00C04F79EFBC}") = "OpenMLTD.MilliSim.Theater", "OpenMLTD.MilliSim.Theater\OpenMLTD.MilliSim.Theater.csproj", "{DACE584A-867F-4625-BAD3-C50CC480A0A0}"
EndProject
Project("{FAE04EC0-301F-11D3-BF4B-00C04F79EFBC}") = "OpenMLTD.MilliSim.Core", "OpenMLTD.MilliSim.Core\OpenMLTD.MilliSim.Core.csproj", "{6847B3BF-8A0B-4433-A4D5-8DE9961EB1F8}"
EndProject
Project("{FAE04EC0-301F-11D3-BF4B-00C04F79EFBC}") = "OpenMLTD.MilliSim.Core.Entities", "OpenMLTD.MilliSim.Core.Entities\OpenMLTD.MilliSim.Core.Entities.csproj", "{78C104E2-B11B-4574-974A-0248C2323286}"
EndProject
Project("{2150E333-8FDC-42A3-9474-1A3956D46DE8}") = "MilliSim", "MilliSim", "{6F1F41CA-26AC-4D95-9D49-3D07F3200429}"
EndProject
Project("{2150E333-8FDC-42A3-9474-1A3956D46DE8}") = "thirdparty", "thirdparty", "{700A876B-F712-44FC-9513-CC1B6096D5FF}"
EndProject
Project("{FAE04EC0-301F-11D3-BF4B-00C04F79EFBC}") = "MimeTypes", "thirdparty\MimeTypeMap\src\MimeTypes\MimeTypes.csproj", "{D54FB6F6-9042-4925-BFC5-947A363F0849}"
EndProject
Project("{2150E333-8FDC-42A3-9474-1A3956D46DE8}") = ".dir", ".dir", "{9D3D7DAF-5C06-4EDF-A6FA-7A22B9924F0D}"
	ProjectSection(SolutionItems) = preProject
		.editorconfig = .editorconfig
		.gitignore = .gitignore
		.gitmodules = .gitmodules
		.travis.yml = .travis.yml
		before_script-nuget_restore.js = before_script-nuget_restore.js
		before_script-patch_asminfo.js = before_script-patch_asminfo.js
		CONTRIBUTING.md = CONTRIBUTING.md
		LICENSE.txt = LICENSE.txt
		push.cmd = push.cmd
		push.sh = push.sh
		README.md = README.md
	EndProjectSection
EndProject
Project("{FAE04EC0-301F-11D3-BF4B-00C04F79EFBC}") = "OpenMLTD.MilliSim.Foundation", "OpenMLTD.MilliSim.Foundation\OpenMLTD.MilliSim.Foundation.csproj", "{BF644701-DFD5-49B6-90E8-A54C1BB331AE}"
EndProject
Project("{FAE04EC0-301F-11D3-BF4B-00C04F79EFBC}") = "OpenMLTD.MilliSim.Audio", "OpenMLTD.MilliSim.Audio\OpenMLTD.MilliSim.Audio.csproj", "{DAE9137C-8EE9-4E6F-B02C-E47916965027}"
EndProject
Project("{FAE04EC0-301F-11D3-BF4B-00C04F79EFBC}") = "OpenMLTD.MilliSim.Graphics", "OpenMLTD.MilliSim.Graphics\OpenMLTD.MilliSim.Graphics.csproj", "{8CDFB26B-8D82-4D66-A850-0A1686C29E28}"
EndProject
Project("{FAE04EC0-301F-11D3-BF4B-00C04F79EFBC}") = "UnityStudio", "thirdparty\UnityStudioLib\UnityStudioLib\UnityStudio.csproj", "{97696198-D591-4D31-B468-B19834EBB913}"
EndProject
Project("{FAE04EC0-301F-11D3-BF4B-00C04F79EFBC}") = "NVorbis", "thirdparty\NVorbis\NVorbis\NVorbis.csproj", "{A372E591-DFEF-49C4-9C82-98C4361EFCCD}"
EndProject
Project("{FAE04EC0-301F-11D3-BF4B-00C04F79EFBC}") = "NAudio.Vorbis", "thirdparty\NAudio.Vorbis\NAudio.Vorbis\NAudio.Vorbis.csproj", "{6FC9AAA7-E7FE-4BD4-B813-582D4B3BDA0C}"
EndProject
Project("{FAE04EC0-301F-11D3-BF4B-00C04F79EFBC}") = "NAudio.Flac", "thirdparty\NAudio.Flac\src\NAudio.Flac\NAudio.Flac.csproj", "{1BD0FA41-17B8-494C-BD88-5BF5835F6983}"
EndProject
Project("{FAE04EC0-301F-11D3-BF4B-00C04F79EFBC}") = "NAudio.WindowsMediaFormat", "thirdparty\NAudio.Wma\NAudio.WindowsMediaFormat\NAudio.WindowsMediaFormat.csproj", "{1868FC77-FD6F-4881-9CF5-DE7451806BFA}"
EndProject
Project("{FAE04EC0-301F-11D3-BF4B-00C04F79EFBC}") = "NLayer.NAudioSupport", "thirdparty\NLayer\NLayer.NAudioSupport\NLayer.NAudioSupport.csproj", "{33828999-1003-403C-BF78-59D9E02CE6A2}"
EndProject
Project("{FAE04EC0-301F-11D3-BF4B-00C04F79EFBC}") = "NAudio", "thirdparty\NAudio\NAudio\NAudio.csproj", "{DA4F02E3-0B5E-42CD-B8D9-5583FA51D66E}"
EndProject
Project("{FAE04EC0-301F-11D3-BF4B-00C04F79EFBC}") = "NLayer", "thirdparty\NLayer\NLayer\NLayer.csproj", "{CF18CBD3-91A7-4917-B997-DBA89AE678CC}"
EndProject
Project("{FAE04EC0-301F-11D3-BF4B-00C04F79EFBC}") = "OpenMLTD.MilliSim.Theater.Animation", "OpenMLTD.MilliSim.Theater.Animation\OpenMLTD.MilliSim.Theater.Animation.csproj", "{BD5E432C-9837-4DD8-A644-5709CD0705F1}"
EndProject
Project("{FAE04EC0-301F-11D3-BF4B-00C04F79EFBC}") = "OpenMLTD.MilliSim.Extension.Animation.StandardAnimations", "OpenMLTD.MilliSim.Extension.Animation.StandardAnimations\OpenMLTD.MilliSim.Extension.Animation.StandardAnimations.csproj", "{A2211C66-972C-4FC5-AD53-70C5B901A361}"
EndProject
Project("{FAE04EC0-301F-11D3-BF4B-00C04F79EFBC}") = "OpenMLTD.MilliSim.Extension.Audio.StandardAudioFormats", "OpenMLTD.MilliSim.Extension.Audio.StandardAudioFormats\OpenMLTD.MilliSim.Extension.Audio.StandardAudioFormats.csproj", "{001C2077-8F69-4318-9096-A52C215B4C44}"
EndProject
Project("{FAE04EC0-301F-11D3-BF4B-00C04F79EFBC}") = "OpenMLTD.MilliSim.Extension.Scores.StandardScoreFormats.Mltd", "OpenMLTD.MilliSim.Extension.Scores.StandardScoreFormats.Mltd\OpenMLTD.MilliSim.Extension.Scores.StandardScoreFormats.Mltd.csproj", "{22AEEF23-15FF-4B6C-941D-550C63F50329}"
EndProject
Global
	GlobalSection(SolutionConfigurationPlatforms) = preSolution
		Debug|Any CPU = Debug|Any CPU
		Release|Any CPU = Release|Any CPU
	EndGlobalSection
	GlobalSection(ProjectConfigurationPlatforms) = postSolution
		{DACE584A-867F-4625-BAD3-C50CC480A0A0}.Debug|Any CPU.ActiveCfg = Debug|Any CPU
		{DACE584A-867F-4625-BAD3-C50CC480A0A0}.Debug|Any CPU.Build.0 = Debug|Any CPU
		{DACE584A-867F-4625-BAD3-C50CC480A0A0}.Release|Any CPU.ActiveCfg = Release|Any CPU
		{DACE584A-867F-4625-BAD3-C50CC480A0A0}.Release|Any CPU.Build.0 = Release|Any CPU
		{6847B3BF-8A0B-4433-A4D5-8DE9961EB1F8}.Debug|Any CPU.ActiveCfg = Debug|Any CPU
		{6847B3BF-8A0B-4433-A4D5-8DE9961EB1F8}.Debug|Any CPU.Build.0 = Debug|Any CPU
		{6847B3BF-8A0B-4433-A4D5-8DE9961EB1F8}.Release|Any CPU.ActiveCfg = Release|Any CPU
		{6847B3BF-8A0B-4433-A4D5-8DE9961EB1F8}.Release|Any CPU.Build.0 = Release|Any CPU
		{78C104E2-B11B-4574-974A-0248C2323286}.Debug|Any CPU.ActiveCfg = Debug|Any CPU
		{78C104E2-B11B-4574-974A-0248C2323286}.Debug|Any CPU.Build.0 = Debug|Any CPU
		{78C104E2-B11B-4574-974A-0248C2323286}.Release|Any CPU.ActiveCfg = Release|Any CPU
		{78C104E2-B11B-4574-974A-0248C2323286}.Release|Any CPU.Build.0 = Release|Any CPU
		{D54FB6F6-9042-4925-BFC5-947A363F0849}.Debug|Any CPU.ActiveCfg = Debug|Any CPU
		{D54FB6F6-9042-4925-BFC5-947A363F0849}.Debug|Any CPU.Build.0 = Debug|Any CPU
		{D54FB6F6-9042-4925-BFC5-947A363F0849}.Release|Any CPU.ActiveCfg = Release|Any CPU
		{D54FB6F6-9042-4925-BFC5-947A363F0849}.Release|Any CPU.Build.0 = Release|Any CPU
		{BF644701-DFD5-49B6-90E8-A54C1BB331AE}.Debug|Any CPU.ActiveCfg = Debug|Any CPU
		{BF644701-DFD5-49B6-90E8-A54C1BB331AE}.Debug|Any CPU.Build.0 = Debug|Any CPU
		{BF644701-DFD5-49B6-90E8-A54C1BB331AE}.Release|Any CPU.ActiveCfg = Release|Any CPU
		{BF644701-DFD5-49B6-90E8-A54C1BB331AE}.Release|Any CPU.Build.0 = Release|Any CPU
		{DAE9137C-8EE9-4E6F-B02C-E47916965027}.Debug|Any CPU.ActiveCfg = Debug|Any CPU
		{DAE9137C-8EE9-4E6F-B02C-E47916965027}.Debug|Any CPU.Build.0 = Debug|Any CPU
		{DAE9137C-8EE9-4E6F-B02C-E47916965027}.Release|Any CPU.ActiveCfg = Release|Any CPU
		{DAE9137C-8EE9-4E6F-B02C-E47916965027}.Release|Any CPU.Build.0 = Release|Any CPU
		{8CDFB26B-8D82-4D66-A850-0A1686C29E28}.Debug|Any CPU.ActiveCfg = Debug|Any CPU
		{8CDFB26B-8D82-4D66-A850-0A1686C29E28}.Debug|Any CPU.Build.0 = Debug|Any CPU
		{8CDFB26B-8D82-4D66-A850-0A1686C29E28}.Release|Any CPU.ActiveCfg = Release|Any CPU
		{8CDFB26B-8D82-4D66-A850-0A1686C29E28}.Release|Any CPU.Build.0 = Release|Any CPU
		{97696198-D591-4D31-B468-B19834EBB913}.Debug|Any CPU.ActiveCfg = Debug|Any CPU
		{97696198-D591-4D31-B468-B19834EBB913}.Debug|Any CPU.Build.0 = Debug|Any CPU
		{97696198-D591-4D31-B468-B19834EBB913}.Release|Any CPU.ActiveCfg = Release|Any CPU
		{97696198-D591-4D31-B468-B19834EBB913}.Release|Any CPU.Build.0 = Release|Any CPU
		{A372E591-DFEF-49C4-9C82-98C4361EFCCD}.Debug|Any CPU.ActiveCfg = Debug|Any CPU
		{A372E591-DFEF-49C4-9C82-98C4361EFCCD}.Debug|Any CPU.Build.0 = Debug|Any CPU
		{A372E591-DFEF-49C4-9C82-98C4361EFCCD}.Release|Any CPU.ActiveCfg = Release|Any CPU
		{A372E591-DFEF-49C4-9C82-98C4361EFCCD}.Release|Any CPU.Build.0 = Release|Any CPU
		{6FC9AAA7-E7FE-4BD4-B813-582D4B3BDA0C}.Debug|Any CPU.ActiveCfg = Debug|Any CPU
		{6FC9AAA7-E7FE-4BD4-B813-582D4B3BDA0C}.Debug|Any CPU.Build.0 = Debug|Any CPU
		{6FC9AAA7-E7FE-4BD4-B813-582D4B3BDA0C}.Release|Any CPU.ActiveCfg = Release|Any CPU
		{6FC9AAA7-E7FE-4BD4-B813-582D4B3BDA0C}.Release|Any CPU.Build.0 = Release|Any CPU
		{1BD0FA41-17B8-494C-BD88-5BF5835F6983}.Debug|Any CPU.ActiveCfg = Debug|Any CPU
		{1BD0FA41-17B8-494C-BD88-5BF5835F6983}.Debug|Any CPU.Build.0 = Debug|Any CPU
		{1BD0FA41-17B8-494C-BD88-5BF5835F6983}.Release|Any CPU.ActiveCfg = Release|Any CPU
		{1BD0FA41-17B8-494C-BD88-5BF5835F6983}.Release|Any CPU.Build.0 = Release|Any CPU
		{1868FC77-FD6F-4881-9CF5-DE7451806BFA}.Debug|Any CPU.ActiveCfg = Debug|Any CPU
		{1868FC77-FD6F-4881-9CF5-DE7451806BFA}.Debug|Any CPU.Build.0 = Debug|Any CPU
		{1868FC77-FD6F-4881-9CF5-DE7451806BFA}.Release|Any CPU.ActiveCfg = Release|Any CPU
		{1868FC77-FD6F-4881-9CF5-DE7451806BFA}.Release|Any CPU.Build.0 = Release|Any CPU
		{33828999-1003-403C-BF78-59D9E02CE6A2}.Debug|Any CPU.ActiveCfg = Debug|Any CPU
		{33828999-1003-403C-BF78-59D9E02CE6A2}.Debug|Any CPU.Build.0 = Debug|Any CPU
		{33828999-1003-403C-BF78-59D9E02CE6A2}.Release|Any CPU.ActiveCfg = Release|Any CPU
		{33828999-1003-403C-BF78-59D9E02CE6A2}.Release|Any CPU.Build.0 = Release|Any CPU
		{DA4F02E3-0B5E-42CD-B8D9-5583FA51D66E}.Debug|Any CPU.ActiveCfg = Debug|Any CPU
		{DA4F02E3-0B5E-42CD-B8D9-5583FA51D66E}.Debug|Any CPU.Build.0 = Debug|Any CPU
		{DA4F02E3-0B5E-42CD-B8D9-5583FA51D66E}.Release|Any CPU.ActiveCfg = Release|Any CPU
		{DA4F02E3-0B5E-42CD-B8D9-5583FA51D66E}.Release|Any CPU.Build.0 = Release|Any CPU
		{CF18CBD3-91A7-4917-B997-DBA89AE678CC}.Debug|Any CPU.ActiveCfg = Debug|Any CPU
		{CF18CBD3-91A7-4917-B997-DBA89AE678CC}.Debug|Any CPU.Build.0 = Debug|Any CPU
		{CF18CBD3-91A7-4917-B997-DBA89AE678CC}.Release|Any CPU.ActiveCfg = Release|Any CPU
		{CF18CBD3-91A7-4917-B997-DBA89AE678CC}.Release|Any CPU.Build.0 = Release|Any CPU
		{BD5E432C-9837-4DD8-A644-5709CD0705F1}.Debug|Any CPU.ActiveCfg = Debug|Any CPU
		{BD5E432C-9837-4DD8-A644-5709CD0705F1}.Debug|Any CPU.Build.0 = Debug|Any CPU
		{BD5E432C-9837-4DD8-A644-5709CD0705F1}.Release|Any CPU.ActiveCfg = Release|Any CPU
		{BD5E432C-9837-4DD8-A644-5709CD0705F1}.Release|Any CPU.Build.0 = Release|Any CPU
		{A2211C66-972C-4FC5-AD53-70C5B901A361}.Debug|Any CPU.ActiveCfg = Debug|Any CPU
		{A2211C66-972C-4FC5-AD53-70C5B901A361}.Debug|Any CPU.Build.0 = Debug|Any CPU
		{A2211C66-972C-4FC5-AD53-70C5B901A361}.Release|Any CPU.ActiveCfg = Release|Any CPU
		{A2211C66-972C-4FC5-AD53-70C5B901A361}.Release|Any CPU.Build.0 = Release|Any CPU
		{001C2077-8F69-4318-9096-A52C215B4C44}.Debug|Any CPU.ActiveCfg = Debug|Any CPU
		{001C2077-8F69-4318-9096-A52C215B4C44}.Debug|Any CPU.Build.0 = Debug|Any CPU
		{001C2077-8F69-4318-9096-A52C215B4C44}.Release|Any CPU.ActiveCfg = Release|Any CPU
		{001C2077-8F69-4318-9096-A52C215B4C44}.Release|Any CPU.Build.0 = Release|Any CPU
		{22AEEF23-15FF-4B6C-941D-550C63F50329}.Debug|Any CPU.ActiveCfg = Debug|Any CPU
		{22AEEF23-15FF-4B6C-941D-550C63F50329}.Debug|Any CPU.Build.0 = Debug|Any CPU
		{22AEEF23-15FF-4B6C-941D-550C63F50329}.Release|Any CPU.ActiveCfg = Release|Any CPU
		{22AEEF23-15FF-4B6C-941D-550C63F50329}.Release|Any CPU.Build.0 = Release|Any CPU
	EndGlobalSection
	GlobalSection(SolutionProperties) = preSolution
		HideSolutionNode = FALSE
	EndGlobalSection
	GlobalSection(NestedProjects) = preSolution
		{DACE584A-867F-4625-BAD3-C50CC480A0A0} = {6F1F41CA-26AC-4D95-9D49-3D07F3200429}
		{6847B3BF-8A0B-4433-A4D5-8DE9961EB1F8} = {6F1F41CA-26AC-4D95-9D49-3D07F3200429}
		{78C104E2-B11B-4574-974A-0248C2323286} = {6F1F41CA-26AC-4D95-9D49-3D07F3200429}
		{D54FB6F6-9042-4925-BFC5-947A363F0849} = {700A876B-F712-44FC-9513-CC1B6096D5FF}
		{BF644701-DFD5-49B6-90E8-A54C1BB331AE} = {6F1F41CA-26AC-4D95-9D49-3D07F3200429}
		{DAE9137C-8EE9-4E6F-B02C-E47916965027} = {6F1F41CA-26AC-4D95-9D49-3D07F3200429}
		{8CDFB26B-8D82-4D66-A850-0A1686C29E28} = {6F1F41CA-26AC-4D95-9D49-3D07F3200429}
		{97696198-D591-4D31-B468-B19834EBB913} = {700A876B-F712-44FC-9513-CC1B6096D5FF}
		{A372E591-DFEF-49C4-9C82-98C4361EFCCD} = {700A876B-F712-44FC-9513-CC1B6096D5FF}
		{6FC9AAA7-E7FE-4BD4-B813-582D4B3BDA0C} = {700A876B-F712-44FC-9513-CC1B6096D5FF}
		{1BD0FA41-17B8-494C-BD88-5BF5835F6983} = {700A876B-F712-44FC-9513-CC1B6096D5FF}
		{1868FC77-FD6F-4881-9CF5-DE7451806BFA} = {700A876B-F712-44FC-9513-CC1B6096D5FF}
		{33828999-1003-403C-BF78-59D9E02CE6A2} = {700A876B-F712-44FC-9513-CC1B6096D5FF}
		{DA4F02E3-0B5E-42CD-B8D9-5583FA51D66E} = {700A876B-F712-44FC-9513-CC1B6096D5FF}
		{CF18CBD3-91A7-4917-B997-DBA89AE678CC} = {700A876B-F712-44FC-9513-CC1B6096D5FF}
		{BD5E432C-9837-4DD8-A644-5709CD0705F1} = {6F1F41CA-26AC-4D95-9D49-3D07F3200429}
		{A2211C66-972C-4FC5-AD53-70C5B901A361} = {6F1F41CA-26AC-4D95-9D49-3D07F3200429}
		{001C2077-8F69-4318-9096-A52C215B4C44} = {6F1F41CA-26AC-4D95-9D49-3D07F3200429}
		{22AEEF23-15FF-4B6C-941D-550C63F50329} = {6F1F41CA-26AC-4D95-9D49-3D07F3200429}
	EndGlobalSection
	GlobalSection(ExtensibilityGlobals) = postSolution
		SolutionGuid = {27A82ED7-C1EE-4F03-B3AD-02534ACDB2B1}
	EndGlobalSection
EndGlobal
