
Microsoft Visual Studio Solution File, Format Version 12.00
# Visual Studio 15
VisualStudioVersion = 15.0.26730.12
MinimumVisualStudioVersion = 10.0.40219.1
Project("{FAE04EC0-301F-11D3-BF4B-00C04F79EFBC}") = "OpenMLTD.MilliSim.Theater", "OpenMLTD.MilliSim.Theater\OpenMLTD.MilliSim.Theater.csproj", "{DACE584A-867F-4625-BAD3-C50CC480A0A0}"
EndProject
Project("{FAE04EC0-301F-11D3-BF4B-00C04F79EFBC}") = "OpenMLTD.MilliSim.Core", "OpenMLTD.MilliSim.Core\OpenMLTD.MilliSim.Core.csproj", "{6847B3BF-8A0B-4433-A4D5-8DE9961EB1F8}"
EndProject
Project("{FAE04EC0-301F-11D3-BF4B-00C04F79EFBC}") = "OpenMLTD.MilliSim.Core.Entities", "OpenMLTD.MilliSim.Core.Entities\OpenMLTD.MilliSim.Core.Entities.csproj", "{78C104E2-B11B-4574-974A-0248C2323286}"
EndProject
Project("{FAE04EC0-301F-11D3-BF4B-00C04F79EFBC}") = "OpenMLTD.MilliSim.Rendering", "OpenMLTD.MilliSim.Rendering\OpenMLTD.MilliSim.Rendering.csproj", "{8CDFB26B-8D82-4D66-A850-0A1686C29E28}"
EndProject
Project("{2150E333-8FDC-42A3-9474-1A3956D46DE8}") = "MilliSim", "MilliSim", "{6F1F41CA-26AC-4D95-9D49-3D07F3200429}"
EndProject
Project("{2150E333-8FDC-42A3-9474-1A3956D46DE8}") = "thirdparty", "thirdparty", "{700A876B-F712-44FC-9513-CC1B6096D5FF}"
EndProject
Project("{FAE04EC0-301F-11D3-BF4B-00C04F79EFBC}") = "MimeTypes", "thirdparty\MimeTypeMap\src\MimeTypes\MimeTypes.csproj", "{D54FB6F6-9042-4925-BFC5-947A363F0849}"
EndProject
Project("{2150E333-8FDC-42A3-9474-1A3956D46DE8}") = ".dir", ".dir", "{9D3D7DAF-5C06-4EDF-A6FA-7A22B9924F0D}"
	ProjectSection(SolutionItems) = preProject
		.editorconfig = .editorconfig
		.gitignore = .gitignore
		.gitmodules = .gitmodules
		.travis.yml = .travis.yml
		assembly_info_patch.js = assembly_info_patch.js
		CONTRIBUTING.md = CONTRIBUTING.md
		LICENSE.txt = LICENSE.txt
		push.cmd = push.cmd
		push.sh = push.sh
		README.md = README.md
	EndProjectSection
EndProject
Project("{FAE04EC0-301F-11D3-BF4B-00C04F79EFBC}") = "OpenMLTD.MilliSim.Foundation", "OpenMLTD.MilliSim.Foundation\OpenMLTD.MilliSim.Foundation.csproj", "{BF644701-DFD5-49B6-90E8-A54C1BB331AE}"
EndProject
Global
	GlobalSection(SolutionConfigurationPlatforms) = preSolution
		Debug|Any CPU = Debug|Any CPU
		Release|Any CPU = Release|Any CPU
	EndGlobalSection
	GlobalSection(ProjectConfigurationPlatforms) = postSolution
		{DACE584A-867F-4625-BAD3-C50CC480A0A0}.Debug|Any CPU.ActiveCfg = Debug|Any CPU
		{DACE584A-867F-4625-BAD3-C50CC480A0A0}.Debug|Any CPU.Build.0 = Debug|Any CPU
		{DACE584A-867F-4625-BAD3-C50CC480A0A0}.Release|Any CPU.ActiveCfg = Release|Any CPU
		{DACE584A-867F-4625-BAD3-C50CC480A0A0}.Release|Any CPU.Build.0 = Release|Any CPU
		{6847B3BF-8A0B-4433-A4D5-8DE9961EB1F8}.Debug|Any CPU.ActiveCfg = Debug|Any CPU
		{6847B3BF-8A0B-4433-A4D5-8DE9961EB1F8}.Debug|Any CPU.Build.0 = Debug|Any CPU
		{6847B3BF-8A0B-4433-A4D5-8DE9961EB1F8}.Release|Any CPU.ActiveCfg = Release|Any CPU
		{6847B3BF-8A0B-4433-A4D5-8DE9961EB1F8}.Release|Any CPU.Build.0 = Release|Any CPU
		{78C104E2-B11B-4574-974A-0248C2323286}.Debug|Any CPU.ActiveCfg = Debug|Any CPU
		{78C104E2-B11B-4574-974A-0248C2323286}.Debug|Any CPU.Build.0 = Debug|Any CPU
		{78C104E2-B11B-4574-974A-0248C2323286}.Release|Any CPU.ActiveCfg = Release|Any CPU
		{78C104E2-B11B-4574-974A-0248C2323286}.Release|Any CPU.Build.0 = Release|Any CPU
		{8CDFB26B-8D82-4D66-A850-0A1686C29E28}.Debug|Any CPU.ActiveCfg = Debug|Any CPU
		{8CDFB26B-8D82-4D66-A850-0A1686C29E28}.Debug|Any CPU.Build.0 = Debug|Any CPU
		{8CDFB26B-8D82-4D66-A850-0A1686C29E28}.Release|Any CPU.ActiveCfg = Release|Any CPU
		{8CDFB26B-8D82-4D66-A850-0A1686C29E28}.Release|Any CPU.Build.0 = Release|Any CPU
		{D54FB6F6-9042-4925-BFC5-947A363F0849}.Debug|Any CPU.ActiveCfg = Debug|Any CPU
		{D54FB6F6-9042-4925-BFC5-947A363F0849}.Debug|Any CPU.Build.0 = Debug|Any CPU
		{D54FB6F6-9042-4925-BFC5-947A363F0849}.Release|Any CPU.ActiveCfg = Release|Any CPU
		{D54FB6F6-9042-4925-BFC5-947A363F0849}.Release|Any CPU.Build.0 = Release|Any CPU
		{BF644701-DFD5-49B6-90E8-A54C1BB331AE}.Debug|Any CPU.ActiveCfg = Debug|Any CPU
		{BF644701-DFD5-49B6-90E8-A54C1BB331AE}.Debug|Any CPU.Build.0 = Debug|Any CPU
		{BF644701-DFD5-49B6-90E8-A54C1BB331AE}.Release|Any CPU.ActiveCfg = Release|Any CPU
		{BF644701-DFD5-49B6-90E8-A54C1BB331AE}.Release|Any CPU.Build.0 = Release|Any CPU
	EndGlobalSection
	GlobalSection(SolutionProperties) = preSolution
		HideSolutionNode = FALSE
	EndGlobalSection
	GlobalSection(NestedProjects) = preSolution
		{DACE584A-867F-4625-BAD3-C50CC480A0A0} = {6F1F41CA-26AC-4D95-9D49-3D07F3200429}
		{6847B3BF-8A0B-4433-A4D5-8DE9961EB1F8} = {6F1F41CA-26AC-4D95-9D49-3D07F3200429}
		{78C104E2-B11B-4574-974A-0248C2323286} = {6F1F41CA-26AC-4D95-9D49-3D07F3200429}
		{8CDFB26B-8D82-4D66-A850-0A1686C29E28} = {6F1F41CA-26AC-4D95-9D49-3D07F3200429}
		{D54FB6F6-9042-4925-BFC5-947A363F0849} = {700A876B-F712-44FC-9513-CC1B6096D5FF}
		{BF644701-DFD5-49B6-90E8-A54C1BB331AE} = {6F1F41CA-26AC-4D95-9D49-3D07F3200429}
	EndGlobalSection
	GlobalSection(ExtensibilityGlobals) = postSolution
		SolutionGuid = {27A82ED7-C1EE-4F03-B3AD-02534ACDB2B1}
	EndGlobalSection
EndGlobal
